
Microsoft Visual Studio Solution File, Format Version 12.00
# Visual Studio Version 17
VisualStudioVersion = 17.1.32414.318
MinimumVisualStudioVersion = 10.0.40219.1
Project("{FAE04EC0-301F-11D3-BF4B-00C04F79EFBC}") = "Assignment 4", "Assignment 4\Assignment 4.csproj", "{0B7DA77E-E7D7-4B34-88AC-69C4659AFA30}"
EndProject
Global
	GlobalSection(SolutionConfigurationPlatforms) = preSolution
		Debug|Any CPU = Debug|Any CPU
		Release|Any CPU = Release|Any CPU
	EndGlobalSection
	GlobalSection(ProjectConfigurationPlatforms) = postSolution
		{0B7DA77E-E7D7-4B34-88AC-69C4659AFA30}.Debug|Any CPU.ActiveCfg = Debug|Any CPU
		{0B7DA77E-E7D7-4B34-88AC-69C4659AFA30}.Debug|Any CPU.Build.0 = Debug|Any CPU
		{0B7DA77E-E7D7-4B34-88AC-69C4659AFA30}.Release|Any CPU.ActiveCfg = Release|Any CPU
		{0B7DA77E-E7D7-4B34-88AC-69C4659AFA30}.Release|Any CPU.Build.0 = Release|Any CPU
	EndGlobalSection
	GlobalSection(SolutionProperties) = preSolution
		HideSolutionNode = FALSE
	EndGlobalSection
	GlobalSection(ExtensibilityGlobals) = postSolution
		SolutionGuid = {18029792-7627-4997-B4DE-C674B92FEC94}
	EndGlobalSection
EndGlobal
